<?xml version="1.0" encoding="UTF-8"?>
<!DOCTYPE plist PUBLIC "-//Apple//DTD PLIST 1.0//EN" "http://www.apple.com/DTDs/PropertyList-1.0.dtd">
<plist version="1.0">
<dict>
	<key>archiveVersion</key>
	<string>1</string>
	<key>classes</key>
	<dict/>
	<key>objectVersion</key>
	<string>46</string>
	<key>objects</key>
	<dict>
		<key>0A50A4050835B6117156BB9C</key>
		<dict>
			<key>buildActionMask</key>
			<string>2147483647</string>
			<key>files</key>
			<array/>
			<key>inputPaths</key>
			<array/>
			<key>isa</key>
			<string>PBXShellScriptBuildPhase</string>
			<key>name</key>
			<string>[CP] Copy Pods Resources</string>
			<key>outputPaths</key>
			<array/>
			<key>runOnlyForDeploymentPostprocessing</key>
			<string>0</string>
			<key>shellPath</key>
			<string>/bin/sh</string>
			<key>shellScript</key>
			<string>"${SRCROOT}/Pods/Target Support Files/Pods-PhoneAFriendUITests/Pods-PhoneAFriendUITests-resources.sh"
</string>
			<key>showEnvVarsInLog</key>
			<string>0</string>
		</dict>
		<key>0AF0302821CEE5661F71B90C</key>
		<dict>
			<key>buildActionMask</key>
			<string>2147483647</string>
			<key>files</key>
			<array/>
			<key>inputPaths</key>
			<array/>
			<key>isa</key>
			<string>PBXShellScriptBuildPhase</string>
			<key>name</key>
			<string>[CP] Check Pods Manifest.lock</string>
			<key>outputPaths</key>
			<array/>
			<key>runOnlyForDeploymentPostprocessing</key>
			<string>0</string>
			<key>shellPath</key>
			<string>/bin/sh</string>
			<key>shellScript</key>
			<string>diff "${PODS_ROOT}/../Podfile.lock" "${PODS_ROOT}/Manifest.lock" &gt; /dev/null
if [[ $? != 0 ]] ; then
    cat &lt;&lt; EOM
error: The sandbox is not in sync with the Podfile.lock. Run 'pod install' or update your CocoaPods installation.
EOM
    exit 1
fi
</string>
			<key>showEnvVarsInLog</key>
			<string>0</string>
		</dict>
		<key>104068FF9A062A8E22CC3B65</key>
		<dict>
			<key>buildActionMask</key>
			<string>2147483647</string>
			<key>files</key>
			<array/>
			<key>inputPaths</key>
			<array/>
			<key>isa</key>
			<string>PBXShellScriptBuildPhase</string>
			<key>name</key>
			<string>&#128230; Check Pods Manifest.lock</string>
			<key>outputPaths</key>
			<array/>
			<key>runOnlyForDeploymentPostprocessing</key>
			<string>0</string>
			<key>shellPath</key>
			<string>/bin/sh</string>
			<key>shellScript</key>
			<string>diff "${PODS_ROOT}/../Podfile.lock" "${PODS_ROOT}/Manifest.lock" &gt; /dev/null
if [[ $? != 0 ]] ; then
    cat &lt;&lt; EOM
error: The sandbox is not in sync with the Podfile.lock. Run 'pod install' or update your CocoaPods installation.
EOM
    exit 1
fi
</string>
			<key>showEnvVarsInLog</key>
			<string>0</string>
		</dict>
		<key>14581139036DEFB7ADA93ACE</key>
		<dict>
			<key>includeInIndex</key>
			<string>1</string>
			<key>isa</key>
			<string>PBXFileReference</string>
			<key>lastKnownFileType</key>
			<string>text.xcconfig</string>
			<key>name</key>
			<string>Pods-PhoneAFriendUITests.release.xcconfig</string>
			<key>path</key>
			<string>Pods/Target Support Files/Pods-PhoneAFriendUITests/Pods-PhoneAFriendUITests.release.xcconfig</string>
			<key>sourceTree</key>
			<string>&lt;group&gt;</string>
		</dict>
		<key>1478F8B8BC0B0CA049A607A2</key>
		<dict>
			<key>buildActionMask</key>
			<string>2147483647</string>
			<key>files</key>
			<array/>
			<key>inputPaths</key>
			<array/>
			<key>isa</key>
			<string>PBXShellScriptBuildPhase</string>
			<key>name</key>
			<string>[CP] Embed Pods Frameworks</string>
			<key>outputPaths</key>
			<array/>
			<key>runOnlyForDeploymentPostprocessing</key>
			<string>0</string>
			<key>shellPath</key>
			<string>/bin/sh</string>
			<key>shellScript</key>
			<string>"${SRCROOT}/Pods/Target Support Files/Pods-PhoneAFriendTests/Pods-PhoneAFriendTests-frameworks.sh"
</string>
			<key>showEnvVarsInLog</key>
			<string>0</string>
		</dict>
		<key>26B84971D64FD9D0D32A997A</key>
		<dict>
			<key>fileRef</key>
			<string>9BE6AC990AB5CB1F4F74E540</string>
			<key>isa</key>
			<string>PBXBuildFile</string>
		</dict>
		<key>327EDFD036E02D01803A84B6</key>
		<dict>
			<key>explicitFileType</key>
			<string>wrapper.framework</string>
			<key>includeInIndex</key>
			<string>0</string>
			<key>isa</key>
			<string>PBXFileReference</string>
			<key>path</key>
			<string>Pods_PhoneAFriendUITests.framework</string>
			<key>sourceTree</key>
			<string>BUILT_PRODUCTS_DIR</string>
		</dict>
		<key>52060E8A27A0662CF272380D</key>
		<dict>
			<key>fileRef</key>
			<string>876792C0CDB42FA2B0CA41C1</string>
			<key>isa</key>
			<string>PBXBuildFile</string>
		</dict>
		<key>55173AB81B83A044CE6BCA38</key>
		<dict>
			<key>buildActionMask</key>
			<string>2147483647</string>
			<key>files</key>
			<array/>
			<key>inputPaths</key>
			<array/>
			<key>isa</key>
			<string>PBXShellScriptBuildPhase</string>
			<key>name</key>
			<string>&#128230; Embed Pods Frameworks</string>
			<key>outputPaths</key>
			<array/>
			<key>runOnlyForDeploymentPostprocessing</key>
			<string>0</string>
			<key>shellPath</key>
			<string>/bin/sh</string>
			<key>shellScript</key>
			<string>"${SRCROOT}/Pods/Target Support Files/Pods-PhoneAFriend/Pods-PhoneAFriend-frameworks.sh"
</string>
			<key>showEnvVarsInLog</key>
			<string>0</string>
		</dict>
		<key>5615DA110FD91232A5DE34EA</key>
		<dict>
			<key>includeInIndex</key>
			<string>1</string>
			<key>isa</key>
			<string>PBXFileReference</string>
			<key>lastKnownFileType</key>
			<string>text.xcconfig</string>
			<key>name</key>
			<string>Pods-PhoneAFriendTests.debug.xcconfig</string>
			<key>path</key>
			<string>Pods/Target Support Files/Pods-PhoneAFriendTests/Pods-PhoneAFriendTests.debug.xcconfig</string>
			<key>sourceTree</key>
			<string>&lt;group&gt;</string>
		</dict>
		<key>656094A9BEECDB6961BD9399</key>
		<dict>
			<key>buildActionMask</key>
			<string>2147483647</string>
			<key>files</key>
			<array/>
			<key>inputPaths</key>
			<array/>
			<key>isa</key>
			<string>PBXShellScriptBuildPhase</string>
			<key>name</key>
			<string>&#128230; Copy Pods Resources</string>
			<key>outputPaths</key>
			<array/>
			<key>runOnlyForDeploymentPostprocessing</key>
			<string>0</string>
			<key>shellPath</key>
			<string>/bin/sh</string>
			<key>shellScript</key>
			<string>"${SRCROOT}/Pods/Target Support Files/Pods-PhoneAFriend/Pods-PhoneAFriend-resources.sh"
</string>
			<key>showEnvVarsInLog</key>
			<string>0</string>
		</dict>
		<key>7581D0F787511BFD0EA6CAF2</key>
		<dict>
			<key>includeInIndex</key>
			<string>1</string>
			<key>isa</key>
			<string>PBXFileReference</string>
			<key>lastKnownFileType</key>
			<string>text.xcconfig</string>
			<key>name</key>
			<string>Pods-PhoneAFriend.debug.xcconfig</string>
			<key>path</key>
			<string>Pods/Target Support Files/Pods-PhoneAFriend/Pods-PhoneAFriend.debug.xcconfig</string>
			<key>sourceTree</key>
			<string>&lt;group&gt;</string>
		</dict>
		<key>7FE1F3468A6CA0FB92F9305A</key>
		<dict>
			<key>buildActionMask</key>
			<string>2147483647</string>
			<key>files</key>
			<array/>
			<key>inputPaths</key>
			<array/>
			<key>isa</key>
			<string>PBXShellScriptBuildPhase</string>
			<key>name</key>
			<string>[CP] Copy Pods Resources</string>
			<key>outputPaths</key>
			<array/>
			<key>runOnlyForDeploymentPostprocessing</key>
			<string>0</string>
			<key>shellPath</key>
			<string>/bin/sh</string>
			<key>shellScript</key>
			<string>"${SRCROOT}/Pods/Target Support Files/Pods-PhoneAFriend/Pods-PhoneAFriend-resources.sh"
</string>
			<key>showEnvVarsInLog</key>
			<string>0</string>
		</dict>
		<key>81F8CFF6A3B86999DC05E4AE</key>
		<dict>
			<key>fileRef</key>
			<string>327EDFD036E02D01803A84B6</string>
			<key>isa</key>
			<string>PBXBuildFile</string>
		</dict>
		<key>876792C0CDB42FA2B0CA41C1</key>
		<dict>
			<key>explicitFileType</key>
			<string>wrapper.framework</string>
			<key>includeInIndex</key>
			<string>0</string>
			<key>isa</key>
			<string>PBXFileReference</string>
			<key>path</key>
			<string>Pods_PhoneAFriendTests.framework</string>
			<key>sourceTree</key>
			<string>BUILT_PRODUCTS_DIR</string>
		</dict>
		<key>981FEE210DEF3A4F6FA53187</key>
		<dict>
			<key>buildActionMask</key>
			<string>2147483647</string>
			<key>files</key>
			<array/>
			<key>inputPaths</key>
			<array/>
			<key>isa</key>
			<string>PBXShellScriptBuildPhase</string>
			<key>name</key>
			<string>[CP] Copy Pods Resources</string>
			<key>outputPaths</key>
			<array/>
			<key>runOnlyForDeploymentPostprocessing</key>
			<string>0</string>
			<key>shellPath</key>
			<string>/bin/sh</string>
			<key>shellScript</key>
			<string>"${SRCROOT}/Pods/Target Support Files/Pods-PhoneAFriendTests/Pods-PhoneAFriendTests-resources.sh"
</string>
			<key>showEnvVarsInLog</key>
			<string>0</string>
		</dict>
		<key>9BE6AC990AB5CB1F4F74E540</key>
		<dict>
			<key>explicitFileType</key>
			<string>wrapper.framework</string>
			<key>includeInIndex</key>
			<string>0</string>
			<key>isa</key>
			<string>PBXFileReference</string>
			<key>path</key>
			<string>Pods_PhoneAFriend.framework</string>
			<key>sourceTree</key>
			<string>BUILT_PRODUCTS_DIR</string>
		</dict>
		<key>9CB5D9100FE7B8C035487C27</key>
		<dict>
			<key>buildActionMask</key>
			<string>2147483647</string>
			<key>files</key>
			<array/>
			<key>inputPaths</key>
			<array/>
			<key>isa</key>
			<string>PBXShellScriptBuildPhase</string>
			<key>name</key>
			<string>[CP] Embed Pods Frameworks</string>
			<key>outputPaths</key>
			<array/>
			<key>runOnlyForDeploymentPostprocessing</key>
			<string>0</string>
			<key>shellPath</key>
			<string>/bin/sh</string>
			<key>shellScript</key>
			<string>"${SRCROOT}/Pods/Target Support Files/Pods-PhoneAFriend/Pods-PhoneAFriend-frameworks.sh"
</string>
			<key>showEnvVarsInLog</key>
			<string>0</string>
		</dict>
		<key>9E703CDE898E165A61CC3B2F</key>
		<dict>
			<key>buildActionMask</key>
			<string>2147483647</string>
			<key>files</key>
			<array/>
			<key>inputPaths</key>
			<array/>
			<key>isa</key>
			<string>PBXShellScriptBuildPhase</string>
			<key>name</key>
			<string>&#128230; Copy Pods Resources</string>
			<key>outputPaths</key>
			<array/>
			<key>runOnlyForDeploymentPostprocessing</key>
			<string>0</string>
			<key>shellPath</key>
			<string>/bin/sh</string>
			<key>shellScript</key>
			<string>"${SRCROOT}/Pods/Target Support Files/Pods-PhoneAFriendUITests/Pods-PhoneAFriendUITests-resources.sh"
</string>
			<key>showEnvVarsInLog</key>
			<string>0</string>
		</dict>
		<key>9EB8050E2090F9F8918C8FFD</key>
		<dict>
			<key>buildActionMask</key>
			<string>2147483647</string>
			<key>files</key>
			<array/>
			<key>inputPaths</key>
			<array/>
			<key>isa</key>
			<string>PBXShellScriptBuildPhase</string>
			<key>name</key>
			<string>&#128230; Check Pods Manifest.lock</string>
			<key>outputPaths</key>
			<array/>
			<key>runOnlyForDeploymentPostprocessing</key>
			<string>0</string>
			<key>shellPath</key>
			<string>/bin/sh</string>
			<key>shellScript</key>
			<string>diff "${PODS_ROOT}/../Podfile.lock" "${PODS_ROOT}/Manifest.lock" &gt; /dev/null
if [[ $? != 0 ]] ; then
    cat &lt;&lt; EOM
error: The sandbox is not in sync with the Podfile.lock. Run 'pod install' or update your CocoaPods installation.
EOM
    exit 1
fi
</string>
			<key>showEnvVarsInLog</key>
			<string>0</string>
		</dict>
		<key>A363899839812B89A15C251E</key>
		<dict>
			<key>buildActionMask</key>
			<string>2147483647</string>
			<key>files</key>
			<array/>
			<key>inputPaths</key>
			<array/>
			<key>isa</key>
			<string>PBXShellScriptBuildPhase</string>
			<key>name</key>
			<string>&#128230; Copy Pods Resources</string>
			<key>outputPaths</key>
			<array/>
			<key>runOnlyForDeploymentPostprocessing</key>
			<string>0</string>
			<key>shellPath</key>
			<string>/bin/sh</string>
			<key>shellScript</key>
			<string>"${SRCROOT}/Pods/Target Support Files/Pods-PhoneAFriendTests/Pods-PhoneAFriendTests-resources.sh"
</string>
			<key>showEnvVarsInLog</key>
			<string>0</string>
		</dict>
		<key>AC6383E8A3D3E32F46EBC8D4</key>
		<dict>
			<key>includeInIndex</key>
			<string>1</string>
			<key>isa</key>
			<string>PBXFileReference</string>
			<key>lastKnownFileType</key>
			<string>text.xcconfig</string>
			<key>name</key>
			<string>Pods-PhoneAFriendTests.release.xcconfig</string>
			<key>path</key>
			<string>Pods/Target Support Files/Pods-PhoneAFriendTests/Pods-PhoneAFriendTests.release.xcconfig</string>
			<key>sourceTree</key>
			<string>&lt;group&gt;</string>
		</dict>
		<key>AF0DD9AF1D77792F009B1F38</key>
		<dict>
			<key>children</key>
			<array>
				<string>AF0DD9BA1D77792F009B1F38</string>
				<string>AF0DD9CF1D77792F009B1F38</string>
				<string>AF0DD9DA1D77792F009B1F38</string>
				<string>AF0DD9B91D77792F009B1F38</string>
				<string>F562847E0BED63332CCD72D5</string>
				<string>C63BCCC868F4CBB376BB9B73</string>
			</array>
			<key>isa</key>
			<string>PBXGroup</string>
			<key>sourceTree</key>
			<string>&lt;group&gt;</string>
		</dict>
		<key>AF0DD9B01D77792F009B1F38</key>
		<dict>
			<key>attributes</key>
			<dict>
				<key>LastSwiftMigration</key>
				<string>0730</string>
				<key>LastSwiftUpdateCheck</key>
				<string>0730</string>
				<key>LastUpgradeCheck</key>
				<string>0730</string>
				<key>ORGANIZATIONNAME</key>
				<string>seniorDesign</string>
				<key>TargetAttributes</key>
				<dict>
					<key>AF0DD9B71D77792F009B1F38</key>
					<dict>
						<key>CreatedOnToolsVersion</key>
						<string>7.3.1</string>
						<key>DevelopmentTeam</key>
						<string>5D5JV98JBG</string>
						<key>LastSwiftMigration</key>
						<string>0810</string>
					</dict>
					<key>AF0DD9CB1D77792F009B1F38</key>
					<dict>
						<key>CreatedOnToolsVersion</key>
						<string>7.3.1</string>
						<key>DevelopmentTeam</key>
						<string>5D5JV98JBG</string>
						<key>LastSwiftMigration</key>
						<string>0810</string>
						<key>TestTargetID</key>
						<string>AF0DD9B71D77792F009B1F38</string>
					</dict>
					<key>AF0DD9D61D77792F009B1F38</key>
					<dict>
						<key>CreatedOnToolsVersion</key>
						<string>7.3.1</string>
						<key>DevelopmentTeam</key>
						<string>5D5JV98JBG</string>
						<key>LastSwiftMigration</key>
						<string>0810</string>
						<key>TestTargetID</key>
						<string>AF0DD9B71D77792F009B1F38</string>
					</dict>
				</dict>
			</dict>
			<key>buildConfigurationList</key>
			<string>AF0DD9B31D77792F009B1F38</string>
			<key>compatibilityVersion</key>
			<string>Xcode 3.2</string>
			<key>developmentRegion</key>
			<string>English</string>
			<key>hasScannedForEncodings</key>
			<string>0</string>
			<key>isa</key>
			<string>PBXProject</string>
			<key>knownRegions</key>
			<array>
				<string>en</string>
				<string>Base</string>
			</array>
			<key>mainGroup</key>
			<string>AF0DD9AF1D77792F009B1F38</string>
			<key>productRefGroup</key>
			<string>AF0DD9B91D77792F009B1F38</string>
			<key>projectDirPath</key>
			<string></string>
			<key>projectReferences</key>
			<array/>
			<key>projectRoot</key>
			<string></string>
			<key>targets</key>
			<array>
				<string>AF0DD9B71D77792F009B1F38</string>
				<string>AF0DD9CB1D77792F009B1F38</string>
				<string>AF0DD9D61D77792F009B1F38</string>
			</array>
		</dict>
		<key>AF0DD9B31D77792F009B1F38</key>
		<dict>
			<key>buildConfigurations</key>
			<array>
				<string>AF0DD9DE1D77792F009B1F38</string>
				<string>AF0DD9DF1D77792F009B1F38</string>
			</array>
			<key>defaultConfigurationIsVisible</key>
			<string>0</string>
			<key>defaultConfigurationName</key>
			<string>Release</string>
			<key>isa</key>
			<string>XCConfigurationList</string>
		</dict>
		<key>AF0DD9B41D77792F009B1F38</key>
		<dict>
			<key>buildActionMask</key>
			<string>2147483647</string>
			<key>files</key>
			<array>
				<string>AF960C0C1DDC3D2A00F1DEB0</string>
				<string>AF2FB6891D82034E003EB3AA</string>
				<string>AF960C0A1DDC243700F1DEB0</string>
				<string>AF4871EC1DE54E2F00CA7509</string>
				<string>AF48720A1DED3B9200CA7509</string>
				<string>AF2FB68F1D820B0D003EB3AA</string>
				<string>AF4871F61DE6B75B00CA7509</string>
				<string>AF4871F81DEA908800CA7509</string>
				<string>AF4872041DECF65C00CA7509</string>
				<string>AF2FB6951D826DA4003EB3AA</string>
				<string>AF446F691D9310DA00812996</string>
				<string>AFFC0AD31DC5C42400FA1A72</string>
				<string>AF0DD9BC1D77792F009B1F38</string>
				<string>AF4871F01DE551AF00CA7509</string>
				<string>AF62D3B91D8712A200C59234</string>
				<string>AF2FB6871D820266003EB3AA</string>
				<string>AF2FB6931D826BB7003EB3AA</string>
				<string>AF4872021DECAA1600CA7509</string>
				<string>AF2F5AC91DD3E6900035DEBD</string>
				<string>AFFC0AD51DC834EC00FA1A72</string>
				<string>AF4871FE1DECA96C00CA7509</string>
				<string>AF4871EE1DE54E3900CA7509</string>
				<string>AF4871F41DE6B01000CA7509</string>
				<string>AF4872061DECFD8A00CA7509</string>
				<string>AF31CF901DE38825003C6933</string>
				<string>AFFC0AD81DC83B4D00FA1A72</string>
				<string>AF2FB68B1D820387003EB3AA</string>
				<string>AFD46E5F1DBEFAC1009CE026</string>
				<string>AF4871FC1DEA909E00CA7509</string>
				<string>AF4871EA1DE4D7DF00CA7509</string>
				<string>AF4872001DECA97F00CA7509</string>
				<string>AF960C0E1DDC3E2300F1DEB0</string>
				<string>AF4872081DED00CA00CA7509</string>
				<string>AF2F5AC71DD3E5940035DEBD</string>
				<string>AF48720C1DED47E700CA7509</string>
				<string>AFD46E5D1DBEF864009CE026</string>
				<string>AF6808CA1D8C5D1900D6D5C1</string>
				<string>AF4871FA1DEA909400CA7509</string>
			</array>
			<key>isa</key>
			<string>PBXSourcesBuildPhase</string>
			<key>runOnlyForDeploymentPostprocessing</key>
			<string>0</string>
		</dict>
		<key>AF0DD9B51D77792F009B1F38</key>
		<dict>
			<key>buildActionMask</key>
			<string>2147483647</string>
			<key>files</key>
			<array>
				<string>26B84971D64FD9D0D32A997A</string>
			</array>
			<key>isa</key>
			<string>PBXFrameworksBuildPhase</string>
			<key>runOnlyForDeploymentPostprocessing</key>
			<string>0</string>
		</dict>
		<key>AF0DD9B61D77792F009B1F38</key>
		<dict>
			<key>buildActionMask</key>
			<string>2147483647</string>
			<key>files</key>
			<array>
				<string>AF2FB68D1D820849003EB3AA</string>
				<string>AF4871F21DE5723D00CA7509</string>
				<string>AF0DD9C61D77792F009B1F38</string>
				<string>AF0DD9C31D77792F009B1F38</string>
				<string>AF0DD9C11D77792F009B1F38</string>
			</array>
			<key>isa</key>
			<string>PBXResourcesBuildPhase</string>
			<key>runOnlyForDeploymentPostprocessing</key>
			<string>0</string>
		</dict>
		<key>AF0DD9B71D77792F009B1F38</key>
		<dict>
			<key>buildConfigurationList</key>
			<string>AF0DD9E01D77792F009B1F38</string>
			<key>buildPhases</key>
			<array>
				<string>104068FF9A062A8E22CC3B65</string>
				<string>FE40599C5913D644F88C2048</string>
				<string>AF0DD9B41D77792F009B1F38</string>
				<string>AF0DD9B51D77792F009B1F38</string>
				<string>AF0DD9B61D77792F009B1F38</string>
				<string>9CB5D9100FE7B8C035487C27</string>
				<string>7FE1F3468A6CA0FB92F9305A</string>
				<string>55173AB81B83A044CE6BCA38</string>
				<string>656094A9BEECDB6961BD9399</string>
			</array>
			<key>buildRules</key>
			<array/>
			<key>dependencies</key>
			<array/>
			<key>isa</key>
			<string>PBXNativeTarget</string>
			<key>name</key>
			<string>PhoneAFriend</string>
			<key>productName</key>
			<string>PhoneAFriend</string>
			<key>productReference</key>
			<string>AF0DD9B81D77792F009B1F38</string>
			<key>productType</key>
			<string>com.apple.product-type.application</string>
		</dict>
		<key>AF0DD9B81D77792F009B1F38</key>
		<dict>
			<key>explicitFileType</key>
			<string>wrapper.application</string>
			<key>includeInIndex</key>
			<string>0</string>
			<key>isa</key>
			<string>PBXFileReference</string>
			<key>path</key>
			<string>PhoneAFriend.app</string>
			<key>sourceTree</key>
			<string>BUILT_PRODUCTS_DIR</string>
		</dict>
		<key>AF0DD9B91D77792F009B1F38</key>
		<dict>
			<key>children</key>
			<array>
				<string>AF0DD9B81D77792F009B1F38</string>
				<string>AF0DD9CC1D77792F009B1F38</string>
				<string>AF0DD9D71D77792F009B1F38</string>
			</array>
			<key>isa</key>
			<string>PBXGroup</string>
			<key>name</key>
			<string>Products</string>
			<key>sourceTree</key>
			<string>&lt;group&gt;</string>
		</dict>
		<key>AF0DD9BA1D77792F009B1F38</key>
		<dict>
			<key>children</key>
			<array>
				<string>AFA54CC21DD4294200B81165</string>
				<string>AFA54CC51DD4296B00B81165</string>
				<string>AFA54CC61DD4297F00B81165</string>
				<string>AFA54CC71DD4299100B81165</string>
			</array>
			<key>isa</key>
			<string>PBXGroup</string>
			<key>path</key>
			<string>PhoneAFriend</string>
			<key>sourceTree</key>
			<string>&lt;group&gt;</string>
		</dict>
		<key>AF0DD9BB1D77792F009B1F38</key>
		<dict>
			<key>isa</key>
			<string>PBXFileReference</string>
			<key>lastKnownFileType</key>
			<string>sourcecode.swift</string>
			<key>path</key>
			<string>AppDelegate.swift</string>
			<key>sourceTree</key>
			<string>&lt;group&gt;</string>
		</dict>
		<key>AF0DD9BC1D77792F009B1F38</key>
		<dict>
			<key>fileRef</key>
			<string>AF0DD9BB1D77792F009B1F38</string>
			<key>isa</key>
			<string>PBXBuildFile</string>
		</dict>
		<key>AF0DD9BF1D77792F009B1F38</key>
		<dict>
			<key>children</key>
			<array>
				<string>AF0DD9C01D77792F009B1F38</string>
			</array>
			<key>isa</key>
			<string>PBXVariantGroup</string>
			<key>name</key>
			<string>Main.storyboard</string>
			<key>sourceTree</key>
			<string>&lt;group&gt;</string>
		</dict>
		<key>AF0DD9C01D77792F009B1F38</key>
		<dict>
			<key>isa</key>
			<string>PBXFileReference</string>
			<key>lastKnownFileType</key>
			<string>file.storyboard</string>
			<key>name</key>
			<string>Base</string>
			<key>path</key>
			<string>Base.lproj/Main.storyboard</string>
			<key>sourceTree</key>
			<string>&lt;group&gt;</string>
		</dict>
		<key>AF0DD9C11D77792F009B1F38</key>
		<dict>
			<key>fileRef</key>
			<string>AF0DD9BF1D77792F009B1F38</string>
			<key>isa</key>
			<string>PBXBuildFile</string>
		</dict>
		<key>AF0DD9C21D77792F009B1F38</key>
		<dict>
			<key>isa</key>
			<string>PBXFileReference</string>
			<key>lastKnownFileType</key>
			<string>folder.assetcatalog</string>
			<key>path</key>
			<string>Assets.xcassets</string>
			<key>sourceTree</key>
			<string>&lt;group&gt;</string>
		</dict>
		<key>AF0DD9C31D77792F009B1F38</key>
		<dict>
			<key>fileRef</key>
			<string>AF0DD9C21D77792F009B1F38</string>
			<key>isa</key>
			<string>PBXBuildFile</string>
		</dict>
		<key>AF0DD9C41D77792F009B1F38</key>
		<dict>
			<key>children</key>
			<array>
				<string>AF0DD9C51D77792F009B1F38</string>
			</array>
			<key>isa</key>
			<string>PBXVariantGroup</string>
			<key>name</key>
			<string>LaunchScreen.storyboard</string>
			<key>sourceTree</key>
			<string>&lt;group&gt;</string>
		</dict>
		<key>AF0DD9C51D77792F009B1F38</key>
		<dict>
			<key>isa</key>
			<string>PBXFileReference</string>
			<key>lastKnownFileType</key>
			<string>file.storyboard</string>
			<key>name</key>
			<string>Base</string>
			<key>path</key>
			<string>Base.lproj/LaunchScreen.storyboard</string>
			<key>sourceTree</key>
			<string>&lt;group&gt;</string>
		</dict>
		<key>AF0DD9C61D77792F009B1F38</key>
		<dict>
			<key>fileRef</key>
			<string>AF0DD9C41D77792F009B1F38</string>
			<key>isa</key>
			<string>PBXBuildFile</string>
		</dict>
		<key>AF0DD9C71D77792F009B1F38</key>
		<dict>
			<key>isa</key>
			<string>PBXFileReference</string>
			<key>lastKnownFileType</key>
			<string>text.plist.xml</string>
			<key>path</key>
			<string>Info.plist</string>
			<key>sourceTree</key>
			<string>&lt;group&gt;</string>
		</dict>
		<key>AF0DD9C81D77792F009B1F38</key>
		<dict>
			<key>buildActionMask</key>
			<string>2147483647</string>
			<key>files</key>
			<array>
				<string>AF0DD9D11D77792F009B1F38</string>
			</array>
			<key>isa</key>
			<string>PBXSourcesBuildPhase</string>
			<key>runOnlyForDeploymentPostprocessing</key>
			<string>0</string>
		</dict>
		<key>AF0DD9C91D77792F009B1F38</key>
		<dict>
			<key>buildActionMask</key>
			<string>2147483647</string>
			<key>files</key>
			<array>
				<string>52060E8A27A0662CF272380D</string>
			</array>
			<key>isa</key>
			<string>PBXFrameworksBuildPhase</string>
			<key>runOnlyForDeploymentPostprocessing</key>
			<string>0</string>
		</dict>
		<key>AF0DD9CA1D77792F009B1F38</key>
		<dict>
			<key>buildActionMask</key>
			<string>2147483647</string>
			<key>files</key>
			<array/>
			<key>isa</key>
			<string>PBXResourcesBuildPhase</string>
			<key>runOnlyForDeploymentPostprocessing</key>
			<string>0</string>
		</dict>
		<key>AF0DD9CB1D77792F009B1F38</key>
		<dict>
			<key>buildConfigurationList</key>
			<string>AF0DD9E31D77792F009B1F38</string>
			<key>buildPhases</key>
			<array>
				<string>9EB8050E2090F9F8918C8FFD</string>
				<string>0AF0302821CEE5661F71B90C</string>
				<string>AF0DD9C81D77792F009B1F38</string>
				<string>AF0DD9C91D77792F009B1F38</string>
				<string>AF0DD9CA1D77792F009B1F38</string>
				<string>1478F8B8BC0B0CA049A607A2</string>
				<string>981FEE210DEF3A4F6FA53187</string>
				<string>C42D8A37D6F69EDFCF363023</string>
				<string>A363899839812B89A15C251E</string>
			</array>
			<key>buildRules</key>
			<array/>
			<key>dependencies</key>
			<array>
				<string>AF0DD9CE1D77792F009B1F38</string>
			</array>
			<key>isa</key>
			<string>PBXNativeTarget</string>
			<key>name</key>
			<string>PhoneAFriendTests</string>
			<key>productName</key>
			<string>PhoneAFriendTests</string>
			<key>productReference</key>
			<string>AF0DD9CC1D77792F009B1F38</string>
			<key>productType</key>
			<string>com.apple.product-type.bundle.unit-test</string>
		</dict>
		<key>AF0DD9CC1D77792F009B1F38</key>
		<dict>
			<key>explicitFileType</key>
			<string>wrapper.cfbundle</string>
			<key>includeInIndex</key>
			<string>0</string>
			<key>isa</key>
			<string>PBXFileReference</string>
			<key>path</key>
			<string>PhoneAFriendTests.xctest</string>
			<key>sourceTree</key>
			<string>BUILT_PRODUCTS_DIR</string>
		</dict>
		<key>AF0DD9CD1D77792F009B1F38</key>
		<dict>
			<key>containerPortal</key>
			<string>AF0DD9B01D77792F009B1F38</string>
			<key>isa</key>
			<string>PBXContainerItemProxy</string>
			<key>proxyType</key>
			<string>1</string>
			<key>remoteGlobalIDString</key>
			<string>AF0DD9B71D77792F009B1F38</string>
			<key>remoteInfo</key>
			<string>PhoneAFriend</string>
		</dict>
		<key>AF0DD9CE1D77792F009B1F38</key>
		<dict>
			<key>isa</key>
			<string>PBXTargetDependency</string>
			<key>target</key>
			<string>AF0DD9B71D77792F009B1F38</string>
			<key>targetProxy</key>
			<string>AF0DD9CD1D77792F009B1F38</string>
		</dict>
		<key>AF0DD9CF1D77792F009B1F38</key>
		<dict>
			<key>children</key>
			<array>
				<string>AF0DD9D01D77792F009B1F38</string>
				<string>AF0DD9D21D77792F009B1F38</string>
			</array>
			<key>isa</key>
			<string>PBXGroup</string>
			<key>path</key>
			<string>PhoneAFriendTests</string>
			<key>sourceTree</key>
			<string>&lt;group&gt;</string>
		</dict>
		<key>AF0DD9D01D77792F009B1F38</key>
		<dict>
			<key>isa</key>
			<string>PBXFileReference</string>
			<key>lastKnownFileType</key>
			<string>sourcecode.swift</string>
			<key>path</key>
			<string>PhoneAFriendTests.swift</string>
			<key>sourceTree</key>
			<string>&lt;group&gt;</string>
		</dict>
		<key>AF0DD9D11D77792F009B1F38</key>
		<dict>
			<key>fileRef</key>
			<string>AF0DD9D01D77792F009B1F38</string>
			<key>isa</key>
			<string>PBXBuildFile</string>
		</dict>
		<key>AF0DD9D21D77792F009B1F38</key>
		<dict>
			<key>isa</key>
			<string>PBXFileReference</string>
			<key>lastKnownFileType</key>
			<string>text.plist.xml</string>
			<key>path</key>
			<string>Info.plist</string>
			<key>sourceTree</key>
			<string>&lt;group&gt;</string>
		</dict>
		<key>AF0DD9D31D77792F009B1F38</key>
		<dict>
			<key>buildActionMask</key>
			<string>2147483647</string>
			<key>files</key>
			<array>
				<string>AF0DD9DC1D77792F009B1F38</string>
			</array>
			<key>isa</key>
			<string>PBXSourcesBuildPhase</string>
			<key>runOnlyForDeploymentPostprocessing</key>
			<string>0</string>
		</dict>
		<key>AF0DD9D41D77792F009B1F38</key>
		<dict>
			<key>buildActionMask</key>
			<string>2147483647</string>
			<key>files</key>
			<array>
				<string>81F8CFF6A3B86999DC05E4AE</string>
			</array>
			<key>isa</key>
			<string>PBXFrameworksBuildPhase</string>
			<key>runOnlyForDeploymentPostprocessing</key>
			<string>0</string>
		</dict>
		<key>AF0DD9D51D77792F009B1F38</key>
		<dict>
			<key>buildActionMask</key>
			<string>2147483647</string>
			<key>files</key>
			<array/>
			<key>isa</key>
			<string>PBXResourcesBuildPhase</string>
			<key>runOnlyForDeploymentPostprocessing</key>
			<string>0</string>
		</dict>
		<key>AF0DD9D61D77792F009B1F38</key>
		<dict>
			<key>buildConfigurationList</key>
			<string>AF0DD9E61D77792F009B1F38</string>
			<key>buildPhases</key>
			<array>
				<string>D364FF8C04EC9E29A0938B96</string>
				<string>DB1BAEE1CA50DF19CCB36EDE</string>
				<string>AF0DD9D31D77792F009B1F38</string>
				<string>AF0DD9D41D77792F009B1F38</string>
				<string>AF0DD9D51D77792F009B1F38</string>
				<string>0A50A4050835B6117156BB9C</string>
				<string>9E703CDE898E165A61CC3B2F</string>
			</array>
			<key>buildRules</key>
			<array/>
			<key>dependencies</key>
			<array>
				<string>AF0DD9D91D77792F009B1F38</string>
			</array>
			<key>isa</key>
			<string>PBXNativeTarget</string>
			<key>name</key>
			<string>PhoneAFriendUITests</string>
			<key>productName</key>
			<string>PhoneAFriendUITests</string>
			<key>productReference</key>
			<string>AF0DD9D71D77792F009B1F38</string>
			<key>productType</key>
			<string>com.apple.product-type.bundle.ui-testing</string>
		</dict>
		<key>AF0DD9D71D77792F009B1F38</key>
		<dict>
			<key>explicitFileType</key>
			<string>wrapper.cfbundle</string>
			<key>includeInIndex</key>
			<string>0</string>
			<key>isa</key>
			<string>PBXFileReference</string>
			<key>path</key>
			<string>PhoneAFriendUITests.xctest</string>
			<key>sourceTree</key>
			<string>BUILT_PRODUCTS_DIR</string>
		</dict>
		<key>AF0DD9D81D77792F009B1F38</key>
		<dict>
			<key>containerPortal</key>
			<string>AF0DD9B01D77792F009B1F38</string>
			<key>isa</key>
			<string>PBXContainerItemProxy</string>
			<key>proxyType</key>
			<string>1</string>
			<key>remoteGlobalIDString</key>
			<string>AF0DD9B71D77792F009B1F38</string>
			<key>remoteInfo</key>
			<string>PhoneAFriend</string>
		</dict>
		<key>AF0DD9D91D77792F009B1F38</key>
		<dict>
			<key>isa</key>
			<string>PBXTargetDependency</string>
			<key>target</key>
			<string>AF0DD9B71D77792F009B1F38</string>
			<key>targetProxy</key>
			<string>AF0DD9D81D77792F009B1F38</string>
		</dict>
		<key>AF0DD9DA1D77792F009B1F38</key>
		<dict>
			<key>children</key>
			<array>
				<string>AF0DD9DB1D77792F009B1F38</string>
				<string>AF0DD9DD1D77792F009B1F38</string>
			</array>
			<key>isa</key>
			<string>PBXGroup</string>
			<key>path</key>
			<string>PhoneAFriendUITests</string>
			<key>sourceTree</key>
			<string>&lt;group&gt;</string>
		</dict>
		<key>AF0DD9DB1D77792F009B1F38</key>
		<dict>
			<key>isa</key>
			<string>PBXFileReference</string>
			<key>lastKnownFileType</key>
			<string>sourcecode.swift</string>
			<key>path</key>
			<string>PhoneAFriendUITests.swift</string>
			<key>sourceTree</key>
			<string>&lt;group&gt;</string>
		</dict>
		<key>AF0DD9DC1D77792F009B1F38</key>
		<dict>
			<key>fileRef</key>
			<string>AF0DD9DB1D77792F009B1F38</string>
			<key>isa</key>
			<string>PBXBuildFile</string>
		</dict>
		<key>AF0DD9DD1D77792F009B1F38</key>
		<dict>
			<key>isa</key>
			<string>PBXFileReference</string>
			<key>lastKnownFileType</key>
			<string>text.plist.xml</string>
			<key>path</key>
			<string>Info.plist</string>
			<key>sourceTree</key>
			<string>&lt;group&gt;</string>
		</dict>
		<key>AF0DD9DE1D77792F009B1F38</key>
		<dict>
			<key>buildSettings</key>
			<dict>
				<key>ALWAYS_SEARCH_USER_PATHS</key>
				<string>NO</string>
				<key>CLANG_ANALYZER_NONNULL</key>
				<string>YES</string>
				<key>CLANG_CXX_LANGUAGE_STANDARD</key>
				<string>gnu++0x</string>
				<key>CLANG_CXX_LIBRARY</key>
				<string>libc++</string>
				<key>CLANG_ENABLE_MODULES</key>
				<string>YES</string>
				<key>CLANG_ENABLE_OBJC_ARC</key>
				<string>YES</string>
				<key>CLANG_WARN_BOOL_CONVERSION</key>
				<string>YES</string>
				<key>CLANG_WARN_CONSTANT_CONVERSION</key>
				<string>YES</string>
				<key>CLANG_WARN_DIRECT_OBJC_ISA_USAGE</key>
				<string>YES_ERROR</string>
				<key>CLANG_WARN_EMPTY_BODY</key>
				<string>YES</string>
				<key>CLANG_WARN_ENUM_CONVERSION</key>
				<string>YES</string>
				<key>CLANG_WARN_INT_CONVERSION</key>
				<string>YES</string>
				<key>CLANG_WARN_OBJC_ROOT_CLASS</key>
				<string>YES_ERROR</string>
				<key>CLANG_WARN_UNREACHABLE_CODE</key>
				<string>YES</string>
				<key>CLANG_WARN__DUPLICATE_METHOD_MATCH</key>
				<string>YES</string>
				<key>CODE_SIGN_IDENTITY[sdk=iphoneos*]</key>
				<string>iPhone Developer</string>
				<key>COPY_PHASE_STRIP</key>
				<string>NO</string>
				<key>DEBUG_INFORMATION_FORMAT</key>
				<string>dwarf</string>
				<key>ENABLE_STRICT_OBJC_MSGSEND</key>
				<string>YES</string>
				<key>ENABLE_TESTABILITY</key>
				<string>YES</string>
				<key>GCC_C_LANGUAGE_STANDARD</key>
				<string>gnu99</string>
				<key>GCC_DYNAMIC_NO_PIC</key>
				<string>NO</string>
				<key>GCC_NO_COMMON_BLOCKS</key>
				<string>YES</string>
				<key>GCC_OPTIMIZATION_LEVEL</key>
				<string>0</string>
				<key>GCC_PREPROCESSOR_DEFINITIONS</key>
				<array>
					<string>DEBUG=1</string>
					<string>$(inherited)</string>
				</array>
				<key>GCC_WARN_64_TO_32_BIT_CONVERSION</key>
				<string>YES</string>
				<key>GCC_WARN_ABOUT_RETURN_TYPE</key>
				<string>YES_ERROR</string>
				<key>GCC_WARN_UNDECLARED_SELECTOR</key>
				<string>YES</string>
				<key>GCC_WARN_UNINITIALIZED_AUTOS</key>
				<string>YES_AGGRESSIVE</string>
				<key>GCC_WARN_UNUSED_FUNCTION</key>
				<string>YES</string>
				<key>GCC_WARN_UNUSED_VARIABLE</key>
				<string>YES</string>
				<key>IPHONEOS_DEPLOYMENT_TARGET</key>
				<string>9.3</string>
				<key>MTL_ENABLE_DEBUG_INFO</key>
				<string>YES</string>
				<key>ONLY_ACTIVE_ARCH</key>
				<string>YES</string>
				<key>SDKROOT</key>
				<string>iphoneos</string>
				<key>SWIFT_OPTIMIZATION_LEVEL</key>
				<string>-Onone</string>
				<key>TARGETED_DEVICE_FAMILY</key>
				<string>1,2</string>
			</dict>
			<key>isa</key>
			<string>XCBuildConfiguration</string>
			<key>name</key>
			<string>Debug</string>
		</dict>
		<key>AF0DD9DF1D77792F009B1F38</key>
		<dict>
			<key>buildSettings</key>
			<dict>
				<key>ALWAYS_SEARCH_USER_PATHS</key>
				<string>NO</string>
				<key>CLANG_ANALYZER_NONNULL</key>
				<string>YES</string>
				<key>CLANG_CXX_LANGUAGE_STANDARD</key>
				<string>gnu++0x</string>
				<key>CLANG_CXX_LIBRARY</key>
				<string>libc++</string>
				<key>CLANG_ENABLE_MODULES</key>
				<string>YES</string>
				<key>CLANG_ENABLE_OBJC_ARC</key>
				<string>YES</string>
				<key>CLANG_WARN_BOOL_CONVERSION</key>
				<string>YES</string>
				<key>CLANG_WARN_CONSTANT_CONVERSION</key>
				<string>YES</string>
				<key>CLANG_WARN_DIRECT_OBJC_ISA_USAGE</key>
				<string>YES_ERROR</string>
				<key>CLANG_WARN_EMPTY_BODY</key>
				<string>YES</string>
				<key>CLANG_WARN_ENUM_CONVERSION</key>
				<string>YES</string>
				<key>CLANG_WARN_INT_CONVERSION</key>
				<string>YES</string>
				<key>CLANG_WARN_OBJC_ROOT_CLASS</key>
				<string>YES_ERROR</string>
				<key>CLANG_WARN_UNREACHABLE_CODE</key>
				<string>YES</string>
				<key>CLANG_WARN__DUPLICATE_METHOD_MATCH</key>
				<string>YES</string>
				<key>CODE_SIGN_IDENTITY[sdk=iphoneos*]</key>
				<string>iPhone Developer</string>
				<key>COPY_PHASE_STRIP</key>
				<string>NO</string>
				<key>DEBUG_INFORMATION_FORMAT</key>
				<string>dwarf-with-dsym</string>
				<key>ENABLE_NS_ASSERTIONS</key>
				<string>NO</string>
				<key>ENABLE_STRICT_OBJC_MSGSEND</key>
				<string>YES</string>
				<key>GCC_C_LANGUAGE_STANDARD</key>
				<string>gnu99</string>
				<key>GCC_NO_COMMON_BLOCKS</key>
				<string>YES</string>
				<key>GCC_WARN_64_TO_32_BIT_CONVERSION</key>
				<string>YES</string>
				<key>GCC_WARN_ABOUT_RETURN_TYPE</key>
				<string>YES_ERROR</string>
				<key>GCC_WARN_UNDECLARED_SELECTOR</key>
				<string>YES</string>
				<key>GCC_WARN_UNINITIALIZED_AUTOS</key>
				<string>YES_AGGRESSIVE</string>
				<key>GCC_WARN_UNUSED_FUNCTION</key>
				<string>YES</string>
				<key>GCC_WARN_UNUSED_VARIABLE</key>
				<string>YES</string>
				<key>IPHONEOS_DEPLOYMENT_TARGET</key>
				<string>9.3</string>
				<key>MTL_ENABLE_DEBUG_INFO</key>
				<string>NO</string>
				<key>SDKROOT</key>
				<string>iphoneos</string>
				<key>TARGETED_DEVICE_FAMILY</key>
				<string>1,2</string>
				<key>VALIDATE_PRODUCT</key>
				<string>YES</string>
			</dict>
			<key>isa</key>
			<string>XCBuildConfiguration</string>
			<key>name</key>
			<string>Release</string>
		</dict>
		<key>AF0DD9E01D77792F009B1F38</key>
		<dict>
			<key>buildConfigurations</key>
			<array>
				<string>AF0DD9E11D77792F009B1F38</string>
				<string>AF0DD9E21D77792F009B1F38</string>
			</array>
			<key>defaultConfigurationIsVisible</key>
			<string>0</string>
			<key>defaultConfigurationName</key>
			<string>Release</string>
			<key>isa</key>
			<string>XCConfigurationList</string>
		</dict>
		<key>AF0DD9E11D77792F009B1F38</key>
		<dict>
			<key>baseConfigurationReference</key>
			<string>7581D0F787511BFD0EA6CAF2</string>
			<key>buildSettings</key>
			<dict>
				<key>ASSETCATALOG_COMPILER_APPICON_NAME</key>
				<string>AppIcon</string>
				<key>CODE_SIGN_IDENTITY</key>
				<string>iPhone Developer</string>
				<key>CODE_SIGN_IDENTITY[sdk=iphoneos*]</key>
				<string>iPhone Developer</string>
				<key>INFOPLIST_FILE</key>
				<string>PhoneAFriend/Info.plist</string>
				<key>LD_RUNPATH_SEARCH_PATHS</key>
				<string>$(inherited) @executable_path/Frameworks</string>
				<key>PRODUCT_BUNDLE_IDENTIFIER</key>
				<string>com.seniorDesign.PhoneAFriend</string>
				<key>PRODUCT_NAME</key>
				<string>$(TARGET_NAME)</string>
				<key>PROVISIONING_PROFILE</key>
				<string></string>
				<key>SWIFT_INSTALL_OBJC_HEADER</key>
				<string>YES</string>
				<key>SWIFT_OBJC_BRIDGING_HEADER</key>
				<string></string>
				<key>SWIFT_VERSION</key>
				<string>2.3</string>
			</dict>
			<key>isa</key>
			<string>XCBuildConfiguration</string>
			<key>name</key>
			<string>Debug</string>
		</dict>
		<key>AF0DD9E21D77792F009B1F38</key>
		<dict>
			<key>baseConfigurationReference</key>
			<string>FDB211F8A55A4DA18EA3B419</string>
			<key>buildSettings</key>
			<dict>
				<key>ASSETCATALOG_COMPILER_APPICON_NAME</key>
				<string>AppIcon</string>
				<key>CODE_SIGN_IDENTITY</key>
				<string>iPhone Developer</string>
				<key>CODE_SIGN_IDENTITY[sdk=iphoneos*]</key>
				<string>iPhone Developer</string>
				<key>INFOPLIST_FILE</key>
				<string>PhoneAFriend/Info.plist</string>
				<key>LD_RUNPATH_SEARCH_PATHS</key>
				<string>$(inherited) @executable_path/Frameworks</string>
				<key>PRODUCT_BUNDLE_IDENTIFIER</key>
				<string>com.seniorDesign.PhoneAFriend</string>
				<key>PRODUCT_NAME</key>
				<string>$(TARGET_NAME)</string>
				<key>PROVISIONING_PROFILE</key>
				<string></string>
				<key>SWIFT_INSTALL_OBJC_HEADER</key>
				<string>YES</string>
				<key>SWIFT_OBJC_BRIDGING_HEADER</key>
				<string></string>
				<key>SWIFT_VERSION</key>
				<string>2.3</string>
			</dict>
			<key>isa</key>
			<string>XCBuildConfiguration</string>
			<key>name</key>
			<string>Release</string>
		</dict>
		<key>AF0DD9E31D77792F009B1F38</key>
		<dict>
			<key>buildConfigurations</key>
			<array>
				<string>AF0DD9E41D77792F009B1F38</string>
				<string>AF0DD9E51D77792F009B1F38</string>
			</array>
			<key>defaultConfigurationIsVisible</key>
			<string>0</string>
			<key>defaultConfigurationName</key>
			<string>Release</string>
			<key>isa</key>
			<string>XCConfigurationList</string>
		</dict>
		<key>AF0DD9E41D77792F009B1F38</key>
		<dict>
			<key>baseConfigurationReference</key>
			<string>5615DA110FD91232A5DE34EA</string>
			<key>buildSettings</key>
			<dict>
				<key>BUNDLE_LOADER</key>
				<string>$(TEST_HOST)</string>
				<key>INFOPLIST_FILE</key>
				<string>PhoneAFriendTests/Info.plist</string>
				<key>LD_RUNPATH_SEARCH_PATHS</key>
				<string>$(inherited) @executable_path/Frameworks @loader_path/Frameworks</string>
				<key>PRODUCT_BUNDLE_IDENTIFIER</key>
				<string>com.seniorDesign.PhoneAFriendTests</string>
				<key>PRODUCT_NAME</key>
				<string>$(TARGET_NAME)</string>
				<key>SWIFT_VERSION</key>
				<string>2.3</string>
				<key>TEST_HOST</key>
				<string>$(BUILT_PRODUCTS_DIR)/PhoneAFriend.app/PhoneAFriend</string>
			</dict>
			<key>isa</key>
			<string>XCBuildConfiguration</string>
			<key>name</key>
			<string>Debug</string>
		</dict>
		<key>AF0DD9E51D77792F009B1F38</key>
		<dict>
			<key>baseConfigurationReference</key>
			<string>AC6383E8A3D3E32F46EBC8D4</string>
			<key>buildSettings</key>
			<dict>
				<key>BUNDLE_LOADER</key>
				<string>$(TEST_HOST)</string>
				<key>INFOPLIST_FILE</key>
				<string>PhoneAFriendTests/Info.plist</string>
				<key>LD_RUNPATH_SEARCH_PATHS</key>
				<string>$(inherited) @executable_path/Frameworks @loader_path/Frameworks</string>
				<key>PRODUCT_BUNDLE_IDENTIFIER</key>
				<string>com.seniorDesign.PhoneAFriendTests</string>
				<key>PRODUCT_NAME</key>
				<string>$(TARGET_NAME)</string>
				<key>SWIFT_VERSION</key>
				<string>2.3</string>
				<key>TEST_HOST</key>
				<string>$(BUILT_PRODUCTS_DIR)/PhoneAFriend.app/PhoneAFriend</string>
			</dict>
			<key>isa</key>
			<string>XCBuildConfiguration</string>
			<key>name</key>
			<string>Release</string>
		</dict>
		<key>AF0DD9E61D77792F009B1F38</key>
		<dict>
			<key>buildConfigurations</key>
			<array>
				<string>AF0DD9E71D77792F009B1F38</string>
				<string>AF0DD9E81D77792F009B1F38</string>
			</array>
			<key>defaultConfigurationIsVisible</key>
			<string>0</string>
			<key>defaultConfigurationName</key>
			<string>Release</string>
			<key>isa</key>
			<string>XCConfigurationList</string>
		</dict>
		<key>AF0DD9E71D77792F009B1F38</key>
		<dict>
			<key>baseConfigurationReference</key>
			<string>C928DFEED22FBBEE1A0E6E9A</string>
			<key>buildSettings</key>
			<dict>
				<key>INFOPLIST_FILE</key>
				<string>PhoneAFriendUITests/Info.plist</string>
				<key>LD_RUNPATH_SEARCH_PATHS</key>
				<string>$(inherited) @executable_path/Frameworks @loader_path/Frameworks</string>
				<key>PRODUCT_BUNDLE_IDENTIFIER</key>
				<string>com.seniorDesign.PhoneAFriendUITests</string>
				<key>PRODUCT_NAME</key>
				<string>$(TARGET_NAME)</string>
				<key>SWIFT_VERSION</key>
				<string>2.3</string>
				<key>TEST_TARGET_NAME</key>
				<string>PhoneAFriend</string>
			</dict>
			<key>isa</key>
			<string>XCBuildConfiguration</string>
			<key>name</key>
			<string>Debug</string>
		</dict>
		<key>AF0DD9E81D77792F009B1F38</key>
		<dict>
			<key>baseConfigurationReference</key>
			<string>14581139036DEFB7ADA93ACE</string>
			<key>buildSettings</key>
			<dict>
				<key>INFOPLIST_FILE</key>
				<string>PhoneAFriendUITests/Info.plist</string>
				<key>LD_RUNPATH_SEARCH_PATHS</key>
				<string>$(inherited) @executable_path/Frameworks @loader_path/Frameworks</string>
				<key>PRODUCT_BUNDLE_IDENTIFIER</key>
				<string>com.seniorDesign.PhoneAFriendUITests</string>
				<key>PRODUCT_NAME</key>
				<string>$(TARGET_NAME)</string>
				<key>SWIFT_VERSION</key>
				<string>2.3</string>
				<key>TEST_TARGET_NAME</key>
				<string>PhoneAFriend</string>
			</dict>
			<key>isa</key>
			<string>XCBuildConfiguration</string>
			<key>name</key>
			<string>Release</string>
		</dict>
		<key>AF2F5AC61DD3E5940035DEBD</key>
		<dict>
			<key>fileEncoding</key>
			<string>4</string>
			<key>isa</key>
			<string>PBXFileReference</string>
			<key>lastKnownFileType</key>
			<string>sourcecode.swift</string>
			<key>path</key>
			<string>UserTableViewController.swift</string>
			<key>sourceTree</key>
			<string>&lt;group&gt;</string>
		</dict>
		<key>AF2F5AC71DD3E5940035DEBD</key>
		<dict>
			<key>fileRef</key>
			<string>AF2F5AC61DD3E5940035DEBD</string>
			<key>isa</key>
			<string>PBXBuildFile</string>
		</dict>
		<key>AF2F5AC81DD3E6900035DEBD</key>
		<dict>
			<key>fileEncoding</key>
			<string>4</string>
			<key>isa</key>
			<string>PBXFileReference</string>
			<key>lastKnownFileType</key>
			<string>sourcecode.swift</string>
			<key>path</key>
			<string>UserTableViewCell.swift</string>
			<key>sourceTree</key>
			<string>&lt;group&gt;</string>
		</dict>
		<key>AF2F5AC91DD3E6900035DEBD</key>
		<dict>
			<key>fileRef</key>
			<string>AF2F5AC81DD3E6900035DEBD</string>
			<key>isa</key>
			<string>PBXBuildFile</string>
		</dict>
		<key>AF2FB6861D820266003EB3AA</key>
		<dict>
			<key>fileEncoding</key>
			<string>4</string>
			<key>isa</key>
			<string>PBXFileReference</string>
			<key>lastKnownFileType</key>
			<string>sourcecode.swift</string>
			<key>path</key>
			<string>constants.swift</string>
			<key>sourceTree</key>
			<string>&lt;group&gt;</string>
		</dict>
		<key>AF2FB6871D820266003EB3AA</key>
		<dict>
			<key>fileRef</key>
			<string>AF2FB6861D820266003EB3AA</string>
			<key>isa</key>
			<string>PBXBuildFile</string>
		</dict>
		<key>AF2FB6881D82034E003EB3AA</key>
		<dict>
			<key>fileEncoding</key>
			<string>4</string>
			<key>isa</key>
			<string>PBXFileReference</string>
			<key>lastKnownFileType</key>
			<string>sourcecode.swift</string>
			<key>name</key>
			<string>LoginViewController.swift</string>
			<key>path</key>
			<string>../LoginViewController.swift</string>
			<key>sourceTree</key>
			<string>&lt;group&gt;</string>
		</dict>
		<key>AF2FB6891D82034E003EB3AA</key>
		<dict>
			<key>fileRef</key>
			<string>AF2FB6881D82034E003EB3AA</string>
			<key>isa</key>
			<string>PBXBuildFile</string>
		</dict>
		<key>AF2FB68A1D820387003EB3AA</key>
		<dict>
			<key>fileEncoding</key>
			<string>4</string>
			<key>isa</key>
			<string>PBXFileReference</string>
			<key>lastKnownFileType</key>
			<string>sourcecode.swift</string>
			<key>name</key>
			<string>SignUpViewController.swift</string>
			<key>path</key>
			<string>../SignUpViewController.swift</string>
			<key>sourceTree</key>
			<string>&lt;group&gt;</string>
		</dict>
		<key>AF2FB68B1D820387003EB3AA</key>
		<dict>
			<key>fileRef</key>
			<string>AF2FB68A1D820387003EB3AA</string>
			<key>isa</key>
			<string>PBXBuildFile</string>
		</dict>
		<key>AF2FB68C1D820849003EB3AA</key>
		<dict>
			<key>fileEncoding</key>
			<string>4</string>
			<key>isa</key>
			<string>PBXFileReference</string>
			<key>lastKnownFileType</key>
			<string>text.plist.xml</string>
			<key>path</key>
			<string>GoogleService-Info.plist</string>
			<key>sourceTree</key>
			<string>&lt;group&gt;</string>
		</dict>
		<key>AF2FB68D1D820849003EB3AA</key>
		<dict>
			<key>fileRef</key>
			<string>AF2FB68C1D820849003EB3AA</string>
			<key>isa</key>
			<string>PBXBuildFile</string>
		</dict>
		<key>AF2FB68E1D820B0D003EB3AA</key>
		<dict>
			<key>fileEncoding</key>
			<string>4</string>
			<key>isa</key>
			<string>PBXFileReference</string>
			<key>lastKnownFileType</key>
			<string>sourcecode.swift</string>
			<key>path</key>
			<string>LandingPageViewController.swift</string>
			<key>sourceTree</key>
			<string>&lt;group&gt;</string>
		</dict>
		<key>AF2FB68F1D820B0D003EB3AA</key>
		<dict>
			<key>fileRef</key>
			<string>AF2FB68E1D820B0D003EB3AA</string>
			<key>isa</key>
			<string>PBXBuildFile</string>
		</dict>
		<key>AF2FB6921D826BB7003EB3AA</key>
		<dict>
			<key>fileEncoding</key>
			<string>4</string>
			<key>isa</key>
			<string>PBXFileReference</string>
			<key>lastKnownFileType</key>
			<string>sourcecode.swift</string>
			<key>path</key>
			<string>User.swift</string>
			<key>sourceTree</key>
			<string>&lt;group&gt;</string>
		</dict>
		<key>AF2FB6931D826BB7003EB3AA</key>
		<dict>
			<key>fileRef</key>
			<string>AF2FB6921D826BB7003EB3AA</string>
			<key>isa</key>
			<string>PBXBuildFile</string>
		</dict>
		<key>AF2FB6941D826DA4003EB3AA</key>
		<dict>
			<key>fileEncoding</key>
			<string>4</string>
			<key>isa</key>
			<string>PBXFileReference</string>
			<key>lastKnownFileType</key>
			<string>sourcecode.swift</string>
			<key>path</key>
			<string>HomePageViewController.swift</string>
			<key>sourceTree</key>
			<string>&lt;group&gt;</string>
		</dict>
		<key>AF2FB6951D826DA4003EB3AA</key>
		<dict>
			<key>fileRef</key>
			<string>AF2FB6941D826DA4003EB3AA</string>
			<key>isa</key>
			<string>PBXBuildFile</string>
		</dict>
		<key>AF31CF8F1DE38825003C6933</key>
		<dict>
			<key>fileEncoding</key>
			<string>4</string>
			<key>isa</key>
			<string>PBXFileReference</string>
			<key>lastKnownFileType</key>
			<string>sourcecode.swift</string>
			<key>path</key>
			<string>NewMessageViewController.swift</string>
			<key>sourceTree</key>
			<string>&lt;group&gt;</string>
		</dict>
		<key>AF31CF901DE38825003C6933</key>
		<dict>
			<key>fileRef</key>
			<string>AF31CF8F1DE38825003C6933</string>
			<key>isa</key>
			<string>PBXBuildFile</string>
		</dict>
		<key>AF446F681D9310DA00812996</key>
		<dict>
			<key>fileEncoding</key>
			<string>4</string>
			<key>isa</key>
			<string>PBXFileReference</string>
			<key>lastKnownFileType</key>
			<string>sourcecode.swift</string>
			<key>path</key>
			<string>SearchQuestionViewController.swift</string>
			<key>sourceTree</key>
			<string>&lt;group&gt;</string>
		</dict>
		<key>AF446F691D9310DA00812996</key>
		<dict>
			<key>fileRef</key>
			<string>AF446F681D9310DA00812996</string>
			<key>isa</key>
			<string>PBXBuildFile</string>
		</dict>
		<key>AF4871E91DE4D7DF00CA7509</key>
		<dict>
			<key>fileEncoding</key>
			<string>4</string>
			<key>isa</key>
			<string>PBXFileReference</string>
			<key>lastKnownFileType</key>
			<string>sourcecode.swift</string>
			<key>path</key>
			<string>Message.swift</string>
			<key>sourceTree</key>
			<string>&lt;group&gt;</string>
		</dict>
		<key>AF4871EA1DE4D7DF00CA7509</key>
		<dict>
			<key>fileRef</key>
			<string>AF4871E91DE4D7DF00CA7509</string>
			<key>isa</key>
			<string>PBXBuildFile</string>
		</dict>
		<key>AF4871EB1DE54E2F00CA7509</key>
		<dict>
			<key>fileEncoding</key>
			<string>4</string>
			<key>isa</key>
			<string>PBXFileReference</string>
			<key>lastKnownFileType</key>
			<string>sourcecode.swift</string>
			<key>path</key>
			<string>InboxTableViewController.swift</string>
			<key>sourceTree</key>
			<string>&lt;group&gt;</string>
		</dict>
		<key>AF4871EC1DE54E2F00CA7509</key>
		<dict>
			<key>fileRef</key>
			<string>AF4871EB1DE54E2F00CA7509</string>
			<key>isa</key>
			<string>PBXBuildFile</string>
		</dict>
		<key>AF4871ED1DE54E3900CA7509</key>
		<dict>
			<key>fileEncoding</key>
			<string>4</string>
			<key>isa</key>
			<string>PBXFileReference</string>
			<key>lastKnownFileType</key>
			<string>sourcecode.swift</string>
			<key>path</key>
			<string>InboxTableViewCell.swift</string>
			<key>sourceTree</key>
			<string>&lt;group&gt;</string>
		</dict>
		<key>AF4871EE1DE54E3900CA7509</key>
		<dict>
			<key>fileRef</key>
			<string>AF4871ED1DE54E3900CA7509</string>
			<key>isa</key>
			<string>PBXBuildFile</string>
		</dict>
		<key>AF4871EF1DE551AF00CA7509</key>
		<dict>
			<key>fileEncoding</key>
			<string>4</string>
			<key>isa</key>
			<string>PBXFileReference</string>
			<key>lastKnownFileType</key>
			<string>sourcecode.swift</string>
			<key>path</key>
			<string>MessageViewController.swift</string>
			<key>sourceTree</key>
			<string>&lt;group&gt;</string>
		</dict>
		<key>AF4871F01DE551AF00CA7509</key>
		<dict>
			<key>fileRef</key>
			<string>AF4871EF1DE551AF00CA7509</string>
			<key>isa</key>
			<string>PBXBuildFile</string>
		</dict>
		<key>AF4871F11DE5723D00CA7509</key>
		<dict>
			<key>isa</key>
			<string>PBXFileReference</string>
			<key>lastKnownFileType</key>
			<string>image.png</string>
			<key>path</key>
			<string>no_uploaded.png</string>
			<key>sourceTree</key>
			<string>&lt;group&gt;</string>
		</dict>
		<key>AF4871F21DE5723D00CA7509</key>
		<dict>
			<key>fileRef</key>
			<string>AF4871F11DE5723D00CA7509</string>
			<key>isa</key>
			<string>PBXBuildFile</string>
		</dict>
		<key>AF4871F31DE6B01000CA7509</key>
		<dict>
			<key>fileEncoding</key>
			<string>4</string>
			<key>isa</key>
			<string>PBXFileReference</string>
			<key>lastKnownFileType</key>
			<string>sourcecode.swift</string>
			<key>path</key>
			<string>PostViewController.swift</string>
			<key>sourceTree</key>
			<string>&lt;group&gt;</string>
		</dict>
		<key>AF4871F41DE6B01000CA7509</key>
		<dict>
			<key>fileRef</key>
			<string>AF4871F31DE6B01000CA7509</string>
			<key>isa</key>
			<string>PBXBuildFile</string>
		</dict>
		<key>AF4871F51DE6B75B00CA7509</key>
		<dict>
			<key>fileEncoding</key>
			<string>4</string>
			<key>isa</key>
			<string>PBXFileReference</string>
			<key>lastKnownFileType</key>
			<string>sourcecode.swift</string>
			<key>path</key>
			<string>PostImageViewController.swift</string>
			<key>sourceTree</key>
			<string>&lt;group&gt;</string>
		</dict>
		<key>AF4871F61DE6B75B00CA7509</key>
		<dict>
			<key>fileRef</key>
			<string>AF4871F51DE6B75B00CA7509</string>
			<key>isa</key>
			<string>PBXBuildFile</string>
		</dict>
		<key>AF4871F71DEA908800CA7509</key>
		<dict>
			<key>fileEncoding</key>
			<string>4</string>
			<key>isa</key>
			<string>PBXFileReference</string>
			<key>lastKnownFileType</key>
			<string>sourcecode.swift</string>
			<key>path</key>
			<string>UserPostsTableViewCell.swift</string>
			<key>sourceTree</key>
			<string>&lt;group&gt;</string>
		</dict>
		<key>AF4871F81DEA908800CA7509</key>
		<dict>
			<key>fileRef</key>
			<string>AF4871F71DEA908800CA7509</string>
			<key>isa</key>
			<string>PBXBuildFile</string>
		</dict>
		<key>AF4871F91DEA909400CA7509</key>
		<dict>
			<key>fileEncoding</key>
			<string>4</string>
			<key>isa</key>
			<string>PBXFileReference</string>
			<key>lastKnownFileType</key>
			<string>sourcecode.swift</string>
			<key>path</key>
			<string>UserPostsTableViewController.swift</string>
			<key>sourceTree</key>
			<string>&lt;group&gt;</string>
		</dict>
		<key>AF4871FA1DEA909400CA7509</key>
		<dict>
			<key>fileRef</key>
			<string>AF4871F91DEA909400CA7509</string>
			<key>isa</key>
			<string>PBXBuildFile</string>
		</dict>
		<key>AF4871FB1DEA909E00CA7509</key>
		<dict>
			<key>fileEncoding</key>
			<string>4</string>
			<key>isa</key>
			<string>PBXFileReference</string>
			<key>lastKnownFileType</key>
			<string>sourcecode.swift</string>
			<key>path</key>
			<string>UserPostViewController.swift</string>
			<key>sourceTree</key>
			<string>&lt;group&gt;</string>
		</dict>
		<key>AF4871FC1DEA909E00CA7509</key>
		<dict>
			<key>fileRef</key>
			<string>AF4871FB1DEA909E00CA7509</string>
			<key>isa</key>
			<string>PBXBuildFile</string>
		</dict>
		<key>AF4871FD1DECA96C00CA7509</key>
		<dict>
			<key>fileEncoding</key>
			<string>4</string>
			<key>isa</key>
			<string>PBXFileReference</string>
			<key>lastKnownFileType</key>
			<string>sourcecode.swift</string>
			<key>path</key>
			<string>UpdateEmailViewController.swift</string>
			<key>sourceTree</key>
			<string>&lt;group&gt;</string>
		</dict>
		<key>AF4871FE1DECA96C00CA7509</key>
		<dict>
			<key>fileRef</key>
			<string>AF4871FD1DECA96C00CA7509</string>
			<key>isa</key>
			<string>PBXBuildFile</string>
		</dict>
		<key>AF4871FF1DECA97F00CA7509</key>
		<dict>
			<key>fileEncoding</key>
			<string>4</string>
			<key>isa</key>
			<string>PBXFileReference</string>
			<key>lastKnownFileType</key>
			<string>sourcecode.swift</string>
			<key>path</key>
			<string>UpdatePasswordViewController.swift</string>
			<key>sourceTree</key>
			<string>&lt;group&gt;</string>
		</dict>
		<key>AF4872001DECA97F00CA7509</key>
		<dict>
			<key>fileRef</key>
			<string>AF4871FF1DECA97F00CA7509</string>
			<key>isa</key>
			<string>PBXBuildFile</string>
		</dict>
		<key>AF4872011DECAA1600CA7509</key>
		<dict>
			<key>fileEncoding</key>
			<string>4</string>
			<key>isa</key>
			<string>PBXFileReference</string>
			<key>lastKnownFileType</key>
			<string>sourcecode.swift</string>
			<key>path</key>
			<string>MoreViewController.swift</string>
			<key>sourceTree</key>
			<string>&lt;group&gt;</string>
		</dict>
		<key>AF4872021DECAA1600CA7509</key>
		<dict>
			<key>fileRef</key>
			<string>AF4872011DECAA1600CA7509</string>
			<key>isa</key>
			<string>PBXBuildFile</string>
		</dict>
		<key>AF4872031DECF65C00CA7509</key>
		<dict>
			<key>fileEncoding</key>
			<string>4</string>
			<key>isa</key>
			<string>PBXFileReference</string>
			<key>lastKnownFileType</key>
			<string>sourcecode.swift</string>
			<key>path</key>
			<string>Answer.swift</string>
			<key>sourceTree</key>
			<string>&lt;group&gt;</string>
		</dict>
		<key>AF4872041DECF65C00CA7509</key>
		<dict>
			<key>fileRef</key>
			<string>AF4872031DECF65C00CA7509</string>
			<key>isa</key>
			<string>PBXBuildFile</string>
		</dict>
		<key>AF4872051DECFD8A00CA7509</key>
		<dict>
			<key>fileEncoding</key>
			<string>4</string>
			<key>isa</key>
			<string>PBXFileReference</string>
			<key>lastKnownFileType</key>
			<string>sourcecode.swift</string>
			<key>path</key>
			<string>AnswerTableViewController.swift</string>
			<key>sourceTree</key>
			<string>&lt;group&gt;</string>
		</dict>
		<key>AF4872061DECFD8A00CA7509</key>
		<dict>
			<key>fileRef</key>
			<string>AF4872051DECFD8A00CA7509</string>
			<key>isa</key>
			<string>PBXBuildFile</string>
		</dict>
		<key>AF4872071DED00CA00CA7509</key>
		<dict>
			<key>fileEncoding</key>
			<string>4</string>
			<key>isa</key>
			<string>PBXFileReference</string>
			<key>lastKnownFileType</key>
			<string>sourcecode.swift</string>
			<key>path</key>
			<string>AnswerTableViewCell.swift</string>
			<key>sourceTree</key>
			<string>&lt;group&gt;</string>
		</dict>
		<key>AF4872081DED00CA00CA7509</key>
		<dict>
			<key>fileRef</key>
			<string>AF4872071DED00CA00CA7509</string>
			<key>isa</key>
			<string>PBXBuildFile</string>
		</dict>
		<key>AF4872091DED3B9200CA7509</key>
		<dict>
			<key>fileEncoding</key>
			<string>4</string>
			<key>isa</key>
			<string>PBXFileReference</string>
			<key>lastKnownFileType</key>
			<string>sourcecode.swift</string>
			<key>path</key>
			<string>PostAnswerViewController.swift</string>
			<key>sourceTree</key>
			<string>&lt;group&gt;</string>
		</dict>
		<key>AF48720A1DED3B9200CA7509</key>
		<dict>
			<key>fileRef</key>
			<string>AF4872091DED3B9200CA7509</string>
			<key>isa</key>
			<string>PBXBuildFile</string>
		</dict>
		<key>AF48720B1DED47E700CA7509</key>
		<dict>
			<key>fileEncoding</key>
			<string>4</string>
			<key>isa</key>
			<string>PBXFileReference</string>
			<key>lastKnownFileType</key>
			<string>sourcecode.swift</string>
			<key>path</key>
			<string>AnswerViewController.swift</string>
			<key>sourceTree</key>
			<string>&lt;group&gt;</string>
		</dict>
		<key>AF48720C1DED47E700CA7509</key>
		<dict>
			<key>fileRef</key>
			<string>AF48720B1DED47E700CA7509</string>
			<key>isa</key>
			<string>PBXBuildFile</string>
		</dict>
		<key>AF62D3B81D8712A200C59234</key>
		<dict>
			<key>fileEncoding</key>
			<string>4</string>
			<key>isa</key>
			<string>PBXFileReference</string>
			<key>lastKnownFileType</key>
			<string>sourcecode.swift</string>
			<key>path</key>
			<string>CreateAQuestionViewController.swift</string>
			<key>sourceTree</key>
			<string>&lt;group&gt;</string>
		</dict>
		<key>AF62D3B91D8712A200C59234</key>
		<dict>
			<key>fileRef</key>
			<string>AF62D3B81D8712A200C59234</string>
			<key>isa</key>
			<string>PBXBuildFile</string>
		</dict>
		<key>AF6808C91D8C5D1900D6D5C1</key>
		<dict>
			<key>fileEncoding</key>
			<string>4</string>
			<key>isa</key>
			<string>PBXFileReference</string>
			<key>lastKnownFileType</key>
			<string>sourcecode.swift</string>
			<key>path</key>
			<string>Post.swift</string>
			<key>sourceTree</key>
			<string>&lt;group&gt;</string>
		</dict>
		<key>AF6808CA1D8C5D1900D6D5C1</key>
		<dict>
			<key>fileRef</key>
			<string>AF6808C91D8C5D1900D6D5C1</string>
			<key>isa</key>
			<string>PBXBuildFile</string>
		</dict>
		<key>AF960C091DDC243700F1DEB0</key>
		<dict>
			<key>fileEncoding</key>
			<string>4</string>
			<key>isa</key>
			<string>PBXFileReference</string>
			<key>lastKnownFileType</key>
			<string>sourcecode.swift</string>
			<key>path</key>
			<string>Contact.swift</string>
			<key>sourceTree</key>
			<string>&lt;group&gt;</string>
		</dict>
		<key>AF960C0A1DDC243700F1DEB0</key>
		<dict>
			<key>fileRef</key>
			<string>AF960C091DDC243700F1DEB0</string>
			<key>isa</key>
			<string>PBXBuildFile</string>
		</dict>
		<key>AF960C0B1DDC3D2A00F1DEB0</key>
		<dict>
			<key>fileEncoding</key>
			<string>4</string>
			<key>isa</key>
			<string>PBXFileReference</string>
			<key>lastKnownFileType</key>
			<string>sourcecode.swift</string>
			<key>path</key>
			<string>ContactTableViewController.swift</string>
			<key>sourceTree</key>
			<string>&lt;group&gt;</string>
		</dict>
		<key>AF960C0C1DDC3D2A00F1DEB0</key>
		<dict>
			<key>fileRef</key>
			<string>AF960C0B1DDC3D2A00F1DEB0</string>
			<key>isa</key>
			<string>PBXBuildFile</string>
		</dict>
		<key>AF960C0D1DDC3E2300F1DEB0</key>
		<dict>
			<key>fileEncoding</key>
			<string>4</string>
			<key>isa</key>
			<string>PBXFileReference</string>
			<key>lastKnownFileType</key>
			<string>sourcecode.swift</string>
			<key>path</key>
			<string>ContactTableViewCell.swift</string>
			<key>sourceTree</key>
			<string>&lt;group&gt;</string>
		</dict>
		<key>AF960C0E1DDC3E2300F1DEB0</key>
		<dict>
			<key>fileRef</key>
			<string>AF960C0D1DDC3E2300F1DEB0</string>
			<key>isa</key>
			<string>PBXBuildFile</string>
		</dict>
		<key>AFA54CC21DD4294200B81165</key>
		<dict>
			<key>children</key>
			<array>
				<string>AF2FB6921D826BB7003EB3AA</string>
				<string>AF6808C91D8C5D1900D6D5C1</string>
				<string>AF960C091DDC243700F1DEB0</string>
				<string>AF4871E91DE4D7DF00CA7509</string>
				<string>AF4872031DECF65C00CA7509</string>
			</array>
			<key>isa</key>
			<string>PBXGroup</string>
			<key>name</key>
			<string>Models</string>
			<key>sourceTree</key>
			<string>&lt;group&gt;</string>
		</dict>
		<key>AFA54CC51DD4296B00B81165</key>
		<dict>
			<key>children</key>
			<array>
				<string>AF0DD9BF1D77792F009B1F38</string>
				<string>AF0DD9C41D77792F009B1F38</string>
			</array>
			<key>isa</key>
			<string>PBXGroup</string>
			<key>name</key>
			<string>Views</string>
			<key>sourceTree</key>
			<string>&lt;group&gt;</string>
		</dict>
		<key>AFA54CC61DD4297F00B81165</key>
		<dict>
			<key>children</key>
			<array>
				<string>AF48720B1DED47E700CA7509</string>
				<string>AF4872071DED00CA00CA7509</string>
				<string>AF4872051DECFD8A00CA7509</string>
				<string>AF960C0D1DDC3E2300F1DEB0</string>
				<string>AF960C0B1DDC3D2A00F1DEB0</string>
				<string>AF62D3B81D8712A200C59234</string>
				<string>AFD46E5C1DBEF864009CE026</string>
				<string>AF2FB6941D826DA4003EB3AA</string>
				<string>AF4871ED1DE54E3900CA7509</string>
				<string>AF4871EB1DE54E2F00CA7509</string>
				<string>AF2FB68E1D820B0D003EB3AA</string>
				<string>AF2FB6881D82034E003EB3AA</string>
				<string>AF4871EF1DE551AF00CA7509</string>
				<string>AF4872011DECAA1600CA7509</string>
				<string>AF31CF8F1DE38825003C6933</string>
				<string>AF4872091DED3B9200CA7509</string>
				<string>AF4871F51DE6B75B00CA7509</string>
				<string>AFFC0AD71DC83B4D00FA1A72</string>
				<string>AFFC0AD41DC834EC00FA1A72</string>
				<string>AF4871F31DE6B01000CA7509</string>
				<string>AF446F681D9310DA00812996</string>
				<string>AF2FB68A1D820387003EB3AA</string>
				<string>AFD46E5E1DBEFAC1009CE026</string>
				<string>AF4871FD1DECA96C00CA7509</string>
				<string>AF4871FF1DECA97F00CA7509</string>
				<string>AFFC0AD21DC5C42400FA1A72</string>
				<string>AF4871F71DEA908800CA7509</string>
				<string>AF4871F91DEA909400CA7509</string>
				<string>AF4871FB1DEA909E00CA7509</string>
				<string>AF2F5AC81DD3E6900035DEBD</string>
				<string>AF2F5AC61DD3E5940035DEBD</string>
			</array>
			<key>isa</key>
			<string>PBXGroup</string>
			<key>name</key>
			<string>Controllers</string>
			<key>sourceTree</key>
			<string>&lt;group&gt;</string>
		</dict>
		<key>AFA54CC71DD4299100B81165</key>
		<dict>
			<key>children</key>
			<array>
				<string>AF2FB6861D820266003EB3AA</string>
				<string>AF4871F11DE5723D00CA7509</string>
				<string>AFFC0AD61DC8367B00FA1A72</string>
				<string>AF0DD9BB1D77792F009B1F38</string>
				<string>AF0DD9C21D77792F009B1F38</string>
				<string>AF0DD9C71D77792F009B1F38</string>
				<string>AF2FB68C1D820849003EB3AA</string>
			</array>
			<key>isa</key>
			<string>PBXGroup</string>
			<key>name</key>
			<string>Misc</string>
			<key>sourceTree</key>
			<string>&lt;group&gt;</string>
		</dict>
		<key>AFD46E5C1DBEF864009CE026</key>
		<dict>
			<key>fileEncoding</key>
			<string>4</string>
			<key>isa</key>
			<string>PBXFileReference</string>
			<key>lastKnownFileType</key>
			<string>sourcecode.swift</string>
			<key>path</key>
			<string>HomeNavigationController.swift</string>
			<key>sourceTree</key>
			<string>&lt;group&gt;</string>
		</dict>
		<key>AFD46E5D1DBEF864009CE026</key>
		<dict>
			<key>fileRef</key>
			<string>AFD46E5C1DBEF864009CE026</string>
			<key>isa</key>
			<string>PBXBuildFile</string>
		</dict>
		<key>AFD46E5E1DBEFAC1009CE026</key>
		<dict>
			<key>fileEncoding</key>
			<string>4</string>
			<key>isa</key>
			<string>PBXFileReference</string>
			<key>lastKnownFileType</key>
			<string>sourcecode.swift</string>
			<key>path</key>
			<string>TabBarViewController.swift</string>
			<key>sourceTree</key>
			<string>&lt;group&gt;</string>
		</dict>
		<key>AFD46E5F1DBEFAC1009CE026</key>
		<dict>
			<key>fileRef</key>
			<string>AFD46E5E1DBEFAC1009CE026</string>
			<key>isa</key>
			<string>PBXBuildFile</string>
		</dict>
		<key>AFFC0AD21DC5C42400FA1A72</key>
		<dict>
			<key>fileEncoding</key>
			<string>4</string>
			<key>isa</key>
			<string>PBXFileReference</string>
			<key>lastKnownFileType</key>
			<string>sourcecode.swift</string>
			<key>path</key>
			<string>UserLookupViewController.swift</string>
			<key>sourceTree</key>
			<string>&lt;group&gt;</string>
		</dict>
		<key>AFFC0AD31DC5C42400FA1A72</key>
		<dict>
			<key>fileRef</key>
			<string>AFFC0AD21DC5C42400FA1A72</string>
			<key>isa</key>
			<string>PBXBuildFile</string>
		</dict>
		<key>AFFC0AD41DC834EC00FA1A72</key>
		<dict>
			<key>fileEncoding</key>
			<string>4</string>
			<key>isa</key>
			<string>PBXFileReference</string>
			<key>lastKnownFileType</key>
			<string>sourcecode.swift</string>
			<key>path</key>
			<string>PostTableViewController.swift</string>
			<key>sourceTree</key>
			<string>&lt;group&gt;</string>
		</dict>
		<key>AFFC0AD51DC834EC00FA1A72</key>
		<dict>
			<key>fileRef</key>
			<string>AFFC0AD41DC834EC00FA1A72</string>
			<key>isa</key>
			<string>PBXBuildFile</string>
		</dict>
		<key>AFFC0AD61DC8367B00FA1A72</key>
		<dict>
			<key>isa</key>
			<string>PBXFileReference</string>
			<key>lastKnownFileType</key>
			<string>sourcecode.c.h</string>
			<key>path</key>
			<string>Bridging-HeaderFile.h</string>
			<key>sourceTree</key>
			<string>&lt;group&gt;</string>
		</dict>
		<key>AFFC0AD71DC83B4D00FA1A72</key>
		<dict>
			<key>fileEncoding</key>
			<string>4</string>
			<key>isa</key>
			<string>PBXFileReference</string>
			<key>lastKnownFileType</key>
			<string>sourcecode.swift</string>
			<key>path</key>
			<string>PostTableViewCell.swift</string>
			<key>sourceTree</key>
			<string>&lt;group&gt;</string>
		</dict>
		<key>AFFC0AD81DC83B4D00FA1A72</key>
		<dict>
			<key>fileRef</key>
			<string>AFFC0AD71DC83B4D00FA1A72</string>
			<key>isa</key>
			<string>PBXBuildFile</string>
		</dict>
		<key>C42D8A37D6F69EDFCF363023</key>
		<dict>
			<key>buildActionMask</key>
			<string>2147483647</string>
			<key>files</key>
			<array/>
			<key>inputPaths</key>
			<array/>
			<key>isa</key>
			<string>PBXShellScriptBuildPhase</string>
			<key>name</key>
			<string>&#128230; Embed Pods Frameworks</string>
			<key>outputPaths</key>
			<array/>
			<key>runOnlyForDeploymentPostprocessing</key>
			<string>0</string>
			<key>shellPath</key>
			<string>/bin/sh</string>
			<key>shellScript</key>
			<string>"${SRCROOT}/Pods/Target Support Files/Pods-PhoneAFriendTests/Pods-PhoneAFriendTests-frameworks.sh"
</string>
			<key>showEnvVarsInLog</key>
			<string>0</string>
		</dict>
		<key>C63BCCC868F4CBB376BB9B73</key>
		<dict>
			<key>children</key>
			<array>
				<string>9BE6AC990AB5CB1F4F74E540</string>
				<string>876792C0CDB42FA2B0CA41C1</string>
				<string>327EDFD036E02D01803A84B6</string>
			</array>
			<key>isa</key>
			<string>PBXGroup</string>
			<key>name</key>
			<string>Frameworks</string>
			<key>sourceTree</key>
			<string>&lt;group&gt;</string>
		</dict>
		<key>C928DFEED22FBBEE1A0E6E9A</key>
		<dict>
			<key>includeInIndex</key>
			<string>1</string>
			<key>isa</key>
			<string>PBXFileReference</string>
			<key>lastKnownFileType</key>
			<string>text.xcconfig</string>
			<key>name</key>
			<string>Pods-PhoneAFriendUITests.debug.xcconfig</string>
			<key>path</key>
			<string>Pods/Target Support Files/Pods-PhoneAFriendUITests/Pods-PhoneAFriendUITests.debug.xcconfig</string>
			<key>sourceTree</key>
			<string>&lt;group&gt;</string>
		</dict>
		<key>D364FF8C04EC9E29A0938B96</key>
		<dict>
			<key>buildActionMask</key>
			<string>2147483647</string>
			<key>files</key>
			<array/>
			<key>inputPaths</key>
			<array/>
			<key>isa</key>
			<string>PBXShellScriptBuildPhase</string>
			<key>name</key>
			<string>&#128230; Check Pods Manifest.lock</string>
			<key>outputPaths</key>
			<array/>
			<key>runOnlyForDeploymentPostprocessing</key>
			<string>0</string>
			<key>shellPath</key>
			<string>/bin/sh</string>
			<key>shellScript</key>
			<string>diff "${PODS_ROOT}/../Podfile.lock" "${PODS_ROOT}/Manifest.lock" &gt; /dev/null
if [[ $? != 0 ]] ; then
    cat &lt;&lt; EOM
error: The sandbox is not in sync with the Podfile.lock. Run 'pod install' or update your CocoaPods installation.
EOM
    exit 1
fi
</string>
			<key>showEnvVarsInLog</key>
			<string>0</string>
		</dict>
		<key>DB1BAEE1CA50DF19CCB36EDE</key>
		<dict>
			<key>buildActionMask</key>
			<string>2147483647</string>
			<key>files</key>
			<array/>
			<key>inputPaths</key>
			<array/>
			<key>isa</key>
			<string>PBXShellScriptBuildPhase</string>
			<key>name</key>
			<string>[CP] Check Pods Manifest.lock</string>
			<key>outputPaths</key>
			<array/>
			<key>runOnlyForDeploymentPostprocessing</key>
			<string>0</string>
			<key>shellPath</key>
			<string>/bin/sh</string>
			<key>shellScript</key>
			<string>diff "${PODS_ROOT}/../Podfile.lock" "${PODS_ROOT}/Manifest.lock" &gt; /dev/null
if [[ $? != 0 ]] ; then
    cat &lt;&lt; EOM
error: The sandbox is not in sync with the Podfile.lock. Run 'pod install' or update your CocoaPods installation.
EOM
    exit 1
fi
</string>
			<key>showEnvVarsInLog</key>
			<string>0</string>
		</dict>
		<key>F562847E0BED63332CCD72D5</key>
		<dict>
			<key>children</key>
			<array>
				<string>7581D0F787511BFD0EA6CAF2</string>
				<string>FDB211F8A55A4DA18EA3B419</string>
				<string>5615DA110FD91232A5DE34EA</string>
				<string>AC6383E8A3D3E32F46EBC8D4</string>
				<string>C928DFEED22FBBEE1A0E6E9A</string>
				<string>14581139036DEFB7ADA93ACE</string>
			</array>
			<key>isa</key>
			<string>PBXGroup</string>
			<key>name</key>
			<string>Pods</string>
			<key>sourceTree</key>
			<string>&lt;group&gt;</string>
		</dict>
		<key>FDB211F8A55A4DA18EA3B419</key>
		<dict>
			<key>includeInIndex</key>
			<string>1</string>
			<key>isa</key>
			<string>PBXFileReference</string>
			<key>lastKnownFileType</key>
			<string>text.xcconfig</string>
			<key>name</key>
			<string>Pods-PhoneAFriend.release.xcconfig</string>
			<key>path</key>
			<string>Pods/Target Support Files/Pods-PhoneAFriend/Pods-PhoneAFriend.release.xcconfig</string>
			<key>sourceTree</key>
			<string>&lt;group&gt;</string>
		</dict>
		<key>FE40599C5913D644F88C2048</key>
		<dict>
			<key>buildActionMask</key>
			<string>2147483647</string>
			<key>files</key>
			<array/>
			<key>inputPaths</key>
			<array/>
			<key>isa</key>
			<string>PBXShellScriptBuildPhase</string>
			<key>name</key>
			<string>[CP] Check Pods Manifest.lock</string>
			<key>outputPaths</key>
			<array/>
			<key>runOnlyForDeploymentPostprocessing</key>
			<string>0</string>
			<key>shellPath</key>
			<string>/bin/sh</string>
			<key>shellScript</key>
			<string>diff "${PODS_ROOT}/../Podfile.lock" "${PODS_ROOT}/Manifest.lock" &gt; /dev/null
if [[ $? != 0 ]] ; then
    cat &lt;&lt; EOM
error: The sandbox is not in sync with the Podfile.lock. Run 'pod install' or update your CocoaPods installation.
EOM
    exit 1
fi
</string>
			<key>showEnvVarsInLog</key>
			<string>0</string>
		</dict>
	</dict>
	<key>rootObject</key>
	<string>AF0DD9B01D77792F009B1F38</string>
</dict>
</plist>
